
Microsoft Visual Studio Solution File, Format Version 12.00
# Visual Studio Version 17
VisualStudioVersion = 17.14.36623.8 d17.14
MinimumVisualStudioVersion = 10.0.40219.1
Project("{FAE04EC0-301F-11D3-BF4B-00C04F79EFBC}") = "EL-Muze", "EL-Muze\EL-Muze.csproj", "{5FF6A234-2FB2-473D-998A-CAC57306C21F}"
EndProject
Global
	GlobalSection(SolutionConfigurationPlatforms) = preSolution
		Debug|Any CPU = Debug|Any CPU
		Release|Any CPU = Release|Any CPU
	EndGlobalSection
	GlobalSection(ProjectConfigurationPlatforms) = postSolution
		{5FF6A234-2FB2-473D-998A-CAC57306C21F}.Debug|Any CPU.ActiveCfg = Debug|Any CPU
		{5FF6A234-2FB2-473D-998A-CAC57306C21F}.Debug|Any CPU.Build.0 = Debug|Any CPU
		{5FF6A234-2FB2-473D-998A-CAC57306C21F}.Release|Any CPU.ActiveCfg = Release|Any CPU
		{5FF6A234-2FB2-473D-998A-CAC57306C21F}.Release|Any CPU.Build.0 = Release|Any CPU
	EndGlobalSection
	GlobalSection(SolutionProperties) = preSolution
		HideSolutionNode = FALSE
	EndGlobalSection
	GlobalSection(ExtensibilityGlobals) = postSolution
		SolutionGuid = {15DBC9D4-A76C-43F9-A7E7-A7CC935135F4}
	EndGlobalSection
EndGlobal
